
Microsoft Visual Studio Solution File, Format Version 12.00
# Visual Studio Version 16
VisualStudioVersion = 16.0.31702.278
MinimumVisualStudioVersion = 10.0.40219.1
Project("{FAE04EC0-301F-11D3-BF4B-00C04F79EFBC}") = "URI 1074", "URI 1074\URI 1074.csproj", "{F2DE1C4C-EAC8-45AF-9306-FE0D367A8589}"
EndProject
Global
	GlobalSection(SolutionConfigurationPlatforms) = preSolution
		Debug|Any CPU = Debug|Any CPU
		Release|Any CPU = Release|Any CPU
	EndGlobalSection
	GlobalSection(ProjectConfigurationPlatforms) = postSolution
		{F2DE1C4C-EAC8-45AF-9306-FE0D367A8589}.Debug|Any CPU.ActiveCfg = Debug|Any CPU
		{F2DE1C4C-EAC8-45AF-9306-FE0D367A8589}.Debug|Any CPU.Build.0 = Debug|Any CPU
		{F2DE1C4C-EAC8-45AF-9306-FE0D367A8589}.Release|Any CPU.ActiveCfg = Release|Any CPU
		{F2DE1C4C-EAC8-45AF-9306-FE0D367A8589}.Release|Any CPU.Build.0 = Release|Any CPU
	EndGlobalSection
	GlobalSection(SolutionProperties) = preSolution
		HideSolutionNode = FALSE
	EndGlobalSection
	GlobalSection(ExtensibilityGlobals) = postSolution
		SolutionGuid = {B2A5F8AD-E962-4BD3-81C6-B1FCFFBE6DC5}
	EndGlobalSection
EndGlobal
