
Microsoft Visual Studio Solution File, Format Version 12.00
# Visual Studio Version 16
VisualStudioVersion = 16.0.31702.278
MinimumVisualStudioVersion = 10.0.40219.1
Project("{FAE04EC0-301F-11D3-BF4B-00C04F79EFBC}") = "URI 1010", "URI 1010\URI 1010.csproj", "{4177EF8B-AB74-453D-BB75-09CBAA3BFF63}"
EndProject
Global
	GlobalSection(SolutionConfigurationPlatforms) = preSolution
		Debug|Any CPU = Debug|Any CPU
		Release|Any CPU = Release|Any CPU
	EndGlobalSection
	GlobalSection(ProjectConfigurationPlatforms) = postSolution
		{4177EF8B-AB74-453D-BB75-09CBAA3BFF63}.Debug|Any CPU.ActiveCfg = Debug|Any CPU
		{4177EF8B-AB74-453D-BB75-09CBAA3BFF63}.Debug|Any CPU.Build.0 = Debug|Any CPU
		{4177EF8B-AB74-453D-BB75-09CBAA3BFF63}.Release|Any CPU.ActiveCfg = Release|Any CPU
		{4177EF8B-AB74-453D-BB75-09CBAA3BFF63}.Release|Any CPU.Build.0 = Release|Any CPU
	EndGlobalSection
	GlobalSection(SolutionProperties) = preSolution
		HideSolutionNode = FALSE
	EndGlobalSection
	GlobalSection(ExtensibilityGlobals) = postSolution
		SolutionGuid = {A0AFC58D-0854-4DD5-BFA3-18D0B3E3AC9B}
	EndGlobalSection
EndGlobal
