
Microsoft Visual Studio Solution File, Format Version 12.00
# Visual Studio Version 16
VisualStudioVersion = 16.0.31702.278
MinimumVisualStudioVersion = 10.0.40219.1
Project("{FAE04EC0-301F-11D3-BF4B-00C04F79EFBC}") = "URI 1041", "URI 1041\URI 1041.csproj", "{24C26CD7-9D58-4F7A-AF36-7FCD5608FA63}"
EndProject
Global
	GlobalSection(SolutionConfigurationPlatforms) = preSolution
		Debug|Any CPU = Debug|Any CPU
		Release|Any CPU = Release|Any CPU
	EndGlobalSection
	GlobalSection(ProjectConfigurationPlatforms) = postSolution
		{24C26CD7-9D58-4F7A-AF36-7FCD5608FA63}.Debug|Any CPU.ActiveCfg = Debug|Any CPU
		{24C26CD7-9D58-4F7A-AF36-7FCD5608FA63}.Debug|Any CPU.Build.0 = Debug|Any CPU
		{24C26CD7-9D58-4F7A-AF36-7FCD5608FA63}.Release|Any CPU.ActiveCfg = Release|Any CPU
		{24C26CD7-9D58-4F7A-AF36-7FCD5608FA63}.Release|Any CPU.Build.0 = Release|Any CPU
	EndGlobalSection
	GlobalSection(SolutionProperties) = preSolution
		HideSolutionNode = FALSE
	EndGlobalSection
	GlobalSection(ExtensibilityGlobals) = postSolution
		SolutionGuid = {2CD5D017-F50C-4BAF-B698-C8ADE803AD89}
	EndGlobalSection
EndGlobal
