
Microsoft Visual Studio Solution File, Format Version 12.00
# Visual Studio Version 16
VisualStudioVersion = 16.0.31702.278
MinimumVisualStudioVersion = 10.0.40219.1
Project("{9A19103F-16F7-4668-BE54-9A1E7A4F7556}") = "Revisao", "Revisao\Revisao.csproj", "{736C8A33-85CE-472A-AA02-395136F6F2C0}"
EndProject
Project("{FAE04EC0-301F-11D3-BF4B-00C04F79EFBC}") = "Exercício 1 - Estudo", "Exercício 1 - Estudo\Exercício 1 - Estudo.csproj", "{36FD8670-8B19-4C5C-B557-D1EC2DEA65E3}"
EndProject
Project("{FAE04EC0-301F-11D3-BF4B-00C04F79EFBC}") = "exercício 2", "exercício 2\exercício 2.csproj", "{CBBC8F16-96E8-4AC7-B83B-B268726BEC55}"
EndProject
Project("{FAE04EC0-301F-11D3-BF4B-00C04F79EFBC}") = "exercicio 3", "exercicio 3\exercicio 3.csproj", "{54521112-C62E-4A27-B218-686E5298660C}"
EndProject
Project("{FAE04EC0-301F-11D3-BF4B-00C04F79EFBC}") = "exercicio 4", "exercicio 4\exercicio 4.csproj", "{099DF914-7329-4A29-A8B2-9E366AD349F2}"
EndProject
Global
	GlobalSection(SolutionConfigurationPlatforms) = preSolution
		Debug|Any CPU = Debug|Any CPU
		Release|Any CPU = Release|Any CPU
	EndGlobalSection
	GlobalSection(ProjectConfigurationPlatforms) = postSolution
		{736C8A33-85CE-472A-AA02-395136F6F2C0}.Debug|Any CPU.ActiveCfg = Debug|Any CPU
		{736C8A33-85CE-472A-AA02-395136F6F2C0}.Debug|Any CPU.Build.0 = Debug|Any CPU
		{736C8A33-85CE-472A-AA02-395136F6F2C0}.Release|Any CPU.ActiveCfg = Release|Any CPU
		{736C8A33-85CE-472A-AA02-395136F6F2C0}.Release|Any CPU.Build.0 = Release|Any CPU
		{36FD8670-8B19-4C5C-B557-D1EC2DEA65E3}.Debug|Any CPU.ActiveCfg = Debug|Any CPU
		{36FD8670-8B19-4C5C-B557-D1EC2DEA65E3}.Debug|Any CPU.Build.0 = Debug|Any CPU
		{36FD8670-8B19-4C5C-B557-D1EC2DEA65E3}.Release|Any CPU.ActiveCfg = Release|Any CPU
		{36FD8670-8B19-4C5C-B557-D1EC2DEA65E3}.Release|Any CPU.Build.0 = Release|Any CPU
		{CBBC8F16-96E8-4AC7-B83B-B268726BEC55}.Debug|Any CPU.ActiveCfg = Debug|Any CPU
		{CBBC8F16-96E8-4AC7-B83B-B268726BEC55}.Debug|Any CPU.Build.0 = Debug|Any CPU
		{CBBC8F16-96E8-4AC7-B83B-B268726BEC55}.Release|Any CPU.ActiveCfg = Release|Any CPU
		{CBBC8F16-96E8-4AC7-B83B-B268726BEC55}.Release|Any CPU.Build.0 = Release|Any CPU
		{54521112-C62E-4A27-B218-686E5298660C}.Debug|Any CPU.ActiveCfg = Debug|Any CPU
		{54521112-C62E-4A27-B218-686E5298660C}.Debug|Any CPU.Build.0 = Debug|Any CPU
		{54521112-C62E-4A27-B218-686E5298660C}.Release|Any CPU.ActiveCfg = Release|Any CPU
		{54521112-C62E-4A27-B218-686E5298660C}.Release|Any CPU.Build.0 = Release|Any CPU
		{099DF914-7329-4A29-A8B2-9E366AD349F2}.Debug|Any CPU.ActiveCfg = Debug|Any CPU
		{099DF914-7329-4A29-A8B2-9E366AD349F2}.Debug|Any CPU.Build.0 = Debug|Any CPU
		{099DF914-7329-4A29-A8B2-9E366AD349F2}.Release|Any CPU.ActiveCfg = Release|Any CPU
		{099DF914-7329-4A29-A8B2-9E366AD349F2}.Release|Any CPU.Build.0 = Release|Any CPU
	EndGlobalSection
	GlobalSection(SolutionProperties) = preSolution
		HideSolutionNode = FALSE
	EndGlobalSection
	GlobalSection(ExtensibilityGlobals) = postSolution
		SolutionGuid = {E104F1A0-3DCC-4262-B27B-FA032510A619}
	EndGlobalSection
EndGlobal
