
Microsoft Visual Studio Solution File, Format Version 12.00
# Visual Studio Version 16
VisualStudioVersion = 16.0.31702.278
MinimumVisualStudioVersion = 10.0.40219.1
Project("{FAE04EC0-301F-11D3-BF4B-00C04F79EFBC}") = "Teste", "Teste\Teste.csproj", "{E2D1A071-B577-4C15-AA99-5C99A714D5BD}"
EndProject
Project("{FAE04EC0-301F-11D3-BF4B-00C04F79EFBC}") = "ImparPar", "ImparPar\ImparPar.csproj", "{6449318B-D429-419B-A703-E77059E179D7}"
EndProject
Project("{FAE04EC0-301F-11D3-BF4B-00C04F79EFBC}") = "ImparparSolucao", "ImparparSolucao\ImparparSolucao.csproj", "{A5C01BD8-6AE6-4115-ACB0-AFB1C94B117A}"
EndProject
Global
	GlobalSection(SolutionConfigurationPlatforms) = preSolution
		Debug|Any CPU = Debug|Any CPU
		Release|Any CPU = Release|Any CPU
	EndGlobalSection
	GlobalSection(ProjectConfigurationPlatforms) = postSolution
		{E2D1A071-B577-4C15-AA99-5C99A714D5BD}.Debug|Any CPU.ActiveCfg = Debug|Any CPU
		{E2D1A071-B577-4C15-AA99-5C99A714D5BD}.Debug|Any CPU.Build.0 = Debug|Any CPU
		{E2D1A071-B577-4C15-AA99-5C99A714D5BD}.Release|Any CPU.ActiveCfg = Release|Any CPU
		{E2D1A071-B577-4C15-AA99-5C99A714D5BD}.Release|Any CPU.Build.0 = Release|Any CPU
		{6449318B-D429-419B-A703-E77059E179D7}.Debug|Any CPU.ActiveCfg = Debug|Any CPU
		{6449318B-D429-419B-A703-E77059E179D7}.Debug|Any CPU.Build.0 = Debug|Any CPU
		{6449318B-D429-419B-A703-E77059E179D7}.Release|Any CPU.ActiveCfg = Release|Any CPU
		{6449318B-D429-419B-A703-E77059E179D7}.Release|Any CPU.Build.0 = Release|Any CPU
		{A5C01BD8-6AE6-4115-ACB0-AFB1C94B117A}.Debug|Any CPU.ActiveCfg = Debug|Any CPU
		{A5C01BD8-6AE6-4115-ACB0-AFB1C94B117A}.Debug|Any CPU.Build.0 = Debug|Any CPU
		{A5C01BD8-6AE6-4115-ACB0-AFB1C94B117A}.Release|Any CPU.ActiveCfg = Release|Any CPU
		{A5C01BD8-6AE6-4115-ACB0-AFB1C94B117A}.Release|Any CPU.Build.0 = Release|Any CPU
	EndGlobalSection
	GlobalSection(SolutionProperties) = preSolution
		HideSolutionNode = FALSE
	EndGlobalSection
	GlobalSection(ExtensibilityGlobals) = postSolution
		SolutionGuid = {4885F67A-C3BE-4210-A156-1C96F6BFC239}
	EndGlobalSection
EndGlobal
